
Microsoft Visual Studio Solution File, Format Version 12.00
# Visual Studio Version 16
VisualStudioVersion = 16.0.33529.622
MinimumVisualStudioVersion = 10.0.40219.1
Project("{FAE04EC0-301F-11D3-BF4B-00C04F79EFBC}") = "Server_Manager", "..\Server_Manager\Server_Manager.csproj", "{1A162DC2-E8EC-434C-BD9F-F30D9E8F3E9E}"
EndProject
Project("{FAE04EC0-301F-11D3-BF4B-00C04F79EFBC}") = "_DBtoMedia_1.7", "..\_DBtoMedia_1.7\_DBtoMedia_1.7.csproj", "{9C6E0F5B-61B4-42CE-ABB1-23C28118CAB7}"
EndProject
Project("{2150E333-8FDC-42A3-9474-1A3956D46DE8}") = "Tools", "Tools", "{044D418F-FD38-4C37-A52D-B3D5EF5D4BED}"
EndProject
Project("{2150E333-8FDC-42A3-9474-1A3956D46DE8}") = "Database", "Database", "{1A4304AF-9B60-44E8-8AED-AB9BB64B76BD}"
EndProject
Project("{2150E333-8FDC-42A3-9474-1A3956D46DE8}") = "Ref", "Ref", "{BF45CFCF-FAAD-45C5-8126-DD568157EDCD}"
EndProject
Project("{FAE04EC0-301F-11D3-BF4B-00C04F79EFBC}") = "vSro Multi Tool", "..\Vsro Multi Tool v 1.8 SRC\vSro Multi Tool.csproj", "{F8903DDD-C147-4C12-8B71-4CCC7280036F}"
EndProject
Project("{FAE04EC0-301F-11D3-BF4B-00C04F79EFBC}") = "Ghost_User_V4", "..\Ghost_User_V4\Ghost_User_V4.csproj", "{9E1D13B9-3D7E-40E7-A432-577BB15CA742}"
EndProject
Project("{FAE04EC0-301F-11D3-BF4B-00C04F79EFBC}") = "SroMapEditor", "..\Mapeditor_source\SroMapEditor.csproj", "{8A71FF94-F425-4FB8-B684-86FCB14BFFAC}"
EndProject
Project("{9A19103F-16F7-4668-BE54-9A1E7A4F7556}") = "Pk2Exmple", "..\Pk2Exmple\Pk2Exmple.csproj", "{3109EC52-1A10-4091-9EB6-54C332765E55}"
EndProject
Project("{FAE04EC0-301F-11D3-BF4B-00C04F79EFBC}") = "SilkroadLauncher", "..\..\..\Clinet\SilkroadLauncher\SilkroadLauncher\SilkroadLauncher.csproj", "{5D30D1E0-05F4-43DB-BBE1-802490D25A04}"
EndProject
Project("{FAE04EC0-301F-11D3-BF4B-00C04F79EFBC}") = "Image Converter", "..\Image Converter\Image Converter.csproj", "{C09C4C41-19AA-4305-817A-620F399A218E}"
EndProject
Project("{FAE04EC0-301F-11D3-BF4B-00C04F79EFBC}") = "SilkroadBot", "..\SilkroadLeoBot\SilkroadBot\SilkroadBot.csproj", "{152BDED4-56D8-476C-BD2D-F6FFD6630765}"
EndProject
Project("{FAE04EC0-301F-11D3-BF4B-00C04F79EFBC}") = "SlimPK2", "..\SlimPK2\SlimPK2.csproj", "{E91D0537-D3DA-4924-BA14-BA6AA90762BE}"
EndProject
Project("{9A19103F-16F7-4668-BE54-9A1E7A4F7556}") = "Silkroad", "..\Silkroad\Silkroad.csproj", "{2812FDAC-B722-4DB3-AFC9-1AF40021F8BC}"
EndProject
Project("{FAE04EC0-301F-11D3-BF4B-00C04F79EFBC}") = "SimpleCL", "..\..\..\Tools\SimpleCL\SimpleCL\SimpleCL.csproj", "{A8234766-5836-494E-AD6D-FAEBF008D840}"
EndProject
Project("{FAE04EC0-301F-11D3-BF4B-00C04F79EFBC}") = "xBot", "..\xBot-WinForms\xBot\xBot.csproj", "{9CA10F1F-1EB4-4DDF-BEFD-75E132969E73}"
EndProject
Project("{9A19103F-16F7-4668-BE54-9A1E7A4F7556}") = "testOpenClients", "..\testOpenClients\testOpenClients.csproj", "{FE5ED623-4C2F-4B36-B894-B43FD01CA5B8}"
EndProject
Project("{2150E333-8FDC-42A3-9474-1A3956D46DE8}") = "NewFolder1", "NewFolder1", "{BFCCA2F5-AD7C-41E0-8C74-DACECA8C27D5}"
	ProjectSection(SolutionItems) = preProject
		SERVER_AGENT_CHARACTER_DATA (0x3013).txt = SERVER_AGENT_CHARACTER_DATA (0x3013).txt
		SERVER_AGENT_ENTITY_SPAWN (0x3015, 0x3019).txt = SERVER_AGENT_ENTITY_SPAWN (0x3015, 0x3019).txt
	EndProjectSection
EndProject
Project("{2150E333-8FDC-42A3-9474-1A3956D46DE8}") = "Clinet", "Clinet", "{C0A731B6-EA06-4959-BF53-F227B1D3C6DE}"
EndProject
Project("{FAE04EC0-301F-11D3-BF4B-00C04F79EFBC}") = "Test_SR_Sever", "Test_SR_Sever\Test_SR_Sever.csproj", "{5380D118-8D6F-4BB3-9C08-8025F2057DA1}"
EndProject
Global
	GlobalSection(SolutionConfigurationPlatforms) = preSolution
		Debug|Any CPU = Debug|Any CPU
		Debug|x64 = Debug|x64
		Debug|x86 = Debug|x86
		Release|Any CPU = Release|Any CPU
		Release|x64 = Release|x64
		Release|x86 = Release|x86
	EndGlobalSection
	GlobalSection(ProjectConfigurationPlatforms) = postSolution
		{1A162DC2-E8EC-434C-BD9F-F30D9E8F3E9E}.Debug|Any CPU.ActiveCfg = Debug|Any CPU
		{1A162DC2-E8EC-434C-BD9F-F30D9E8F3E9E}.Debug|Any CPU.Build.0 = Debug|Any CPU
		{1A162DC2-E8EC-434C-BD9F-F30D9E8F3E9E}.Debug|x64.ActiveCfg = Debug|Any CPU
		{1A162DC2-E8EC-434C-BD9F-F30D9E8F3E9E}.Debug|x86.ActiveCfg = Debug|Any CPU
		{1A162DC2-E8EC-434C-BD9F-F30D9E8F3E9E}.Debug|x86.Build.0 = Debug|Any CPU
		{1A162DC2-E8EC-434C-BD9F-F30D9E8F3E9E}.Release|Any CPU.ActiveCfg = Release|Any CPU
		{1A162DC2-E8EC-434C-BD9F-F30D9E8F3E9E}.Release|Any CPU.Build.0 = Release|Any CPU
		{1A162DC2-E8EC-434C-BD9F-F30D9E8F3E9E}.Release|x64.ActiveCfg = Release|Any CPU
		{1A162DC2-E8EC-434C-BD9F-F30D9E8F3E9E}.Release|x86.ActiveCfg = Release|Any CPU
		{1A162DC2-E8EC-434C-BD9F-F30D9E8F3E9E}.Release|x86.Build.0 = Release|Any CPU
		{9C6E0F5B-61B4-42CE-ABB1-23C28118CAB7}.Debug|Any CPU.ActiveCfg = Debug|Any CPU
		{9C6E0F5B-61B4-42CE-ABB1-23C28118CAB7}.Debug|Any CPU.Build.0 = Debug|Any CPU
		{9C6E0F5B-61B4-42CE-ABB1-23C28118CAB7}.Debug|x64.ActiveCfg = Debug|Any CPU
		{9C6E0F5B-61B4-42CE-ABB1-23C28118CAB7}.Debug|x86.ActiveCfg = Debug|Any CPU
		{9C6E0F5B-61B4-42CE-ABB1-23C28118CAB7}.Debug|x86.Build.0 = Debug|Any CPU
		{9C6E0F5B-61B4-42CE-ABB1-23C28118CAB7}.Release|Any CPU.ActiveCfg = Release|Any CPU
		{9C6E0F5B-61B4-42CE-ABB1-23C28118CAB7}.Release|Any CPU.Build.0 = Release|Any CPU
		{9C6E0F5B-61B4-42CE-ABB1-23C28118CAB7}.Release|x64.ActiveCfg = Release|Any CPU
		{9C6E0F5B-61B4-42CE-ABB1-23C28118CAB7}.Release|x86.ActiveCfg = Release|Any CPU
		{9C6E0F5B-61B4-42CE-ABB1-23C28118CAB7}.Release|x86.Build.0 = Release|Any CPU
		{F8903DDD-C147-4C12-8B71-4CCC7280036F}.Debug|Any CPU.ActiveCfg = Debug|x86
		{F8903DDD-C147-4C12-8B71-4CCC7280036F}.Debug|x64.ActiveCfg = Debug|x86
		{F8903DDD-C147-4C12-8B71-4CCC7280036F}.Debug|x86.ActiveCfg = Debug|x86
		{F8903DDD-C147-4C12-8B71-4CCC7280036F}.Debug|x86.Build.0 = Debug|x86
		{F8903DDD-C147-4C12-8B71-4CCC7280036F}.Release|Any CPU.ActiveCfg = Release|x86
		{F8903DDD-C147-4C12-8B71-4CCC7280036F}.Release|x64.ActiveCfg = Release|x86
		{F8903DDD-C147-4C12-8B71-4CCC7280036F}.Release|x86.ActiveCfg = Release|x86
		{F8903DDD-C147-4C12-8B71-4CCC7280036F}.Release|x86.Build.0 = Release|x86
		{9E1D13B9-3D7E-40E7-A432-577BB15CA742}.Debug|Any CPU.ActiveCfg = Debug|Any CPU
		{9E1D13B9-3D7E-40E7-A432-577BB15CA742}.Debug|Any CPU.Build.0 = Debug|Any CPU
		{9E1D13B9-3D7E-40E7-A432-577BB15CA742}.Debug|x64.ActiveCfg = Debug|Any CPU
		{9E1D13B9-3D7E-40E7-A432-577BB15CA742}.Debug|x86.ActiveCfg = Debug|Any CPU
		{9E1D13B9-3D7E-40E7-A432-577BB15CA742}.Debug|x86.Build.0 = Debug|Any CPU
		{9E1D13B9-3D7E-40E7-A432-577BB15CA742}.Release|Any CPU.ActiveCfg = Release|Any CPU
		{9E1D13B9-3D7E-40E7-A432-577BB15CA742}.Release|Any CPU.Build.0 = Release|Any CPU
		{9E1D13B9-3D7E-40E7-A432-577BB15CA742}.Release|x64.ActiveCfg = Release|Any CPU
		{9E1D13B9-3D7E-40E7-A432-577BB15CA742}.Release|x86.ActiveCfg = Release|Any CPU
		{9E1D13B9-3D7E-40E7-A432-577BB15CA742}.Release|x86.Build.0 = Release|Any CPU
		{8A71FF94-F425-4FB8-B684-86FCB14BFFAC}.Debug|Any CPU.ActiveCfg = Debug|Any CPU
		{8A71FF94-F425-4FB8-B684-86FCB14BFFAC}.Debug|Any CPU.Build.0 = Debug|Any CPU
		{8A71FF94-F425-4FB8-B684-86FCB14BFFAC}.Debug|x64.ActiveCfg = Debug|Any CPU
		{8A71FF94-F425-4FB8-B684-86FCB14BFFAC}.Debug|x64.Build.0 = Debug|Any CPU
		{8A71FF94-F425-4FB8-B684-86FCB14BFFAC}.Debug|x86.ActiveCfg = Debug|Any CPU
		{8A71FF94-F425-4FB8-B684-86FCB14BFFAC}.Debug|x86.Build.0 = Debug|Any CPU
		{8A71FF94-F425-4FB8-B684-86FCB14BFFAC}.Release|Any CPU.ActiveCfg = Release|x86
		{8A71FF94-F425-4FB8-B684-86FCB14BFFAC}.Release|x64.ActiveCfg = Release|x86
		{8A71FF94-F425-4FB8-B684-86FCB14BFFAC}.Release|x86.ActiveCfg = Release|x86
		{8A71FF94-F425-4FB8-B684-86FCB14BFFAC}.Release|x86.Build.0 = Release|x86
		{3109EC52-1A10-4091-9EB6-54C332765E55}.Debug|Any CPU.ActiveCfg = Debug|Any CPU
		{3109EC52-1A10-4091-9EB6-54C332765E55}.Debug|Any CPU.Build.0 = Debug|Any CPU
		{3109EC52-1A10-4091-9EB6-54C332765E55}.Debug|x64.ActiveCfg = Debug|Any CPU
		{3109EC52-1A10-4091-9EB6-54C332765E55}.Debug|x86.ActiveCfg = Debug|Any CPU
		{3109EC52-1A10-4091-9EB6-54C332765E55}.Debug|x86.Build.0 = Debug|Any CPU
		{3109EC52-1A10-4091-9EB6-54C332765E55}.Release|Any CPU.ActiveCfg = Release|Any CPU
		{3109EC52-1A10-4091-9EB6-54C332765E55}.Release|Any CPU.Build.0 = Release|Any CPU
		{3109EC52-1A10-4091-9EB6-54C332765E55}.Release|x64.ActiveCfg = Release|Any CPU
		{3109EC52-1A10-4091-9EB6-54C332765E55}.Release|x86.ActiveCfg = Release|Any CPU
		{3109EC52-1A10-4091-9EB6-54C332765E55}.Release|x86.Build.0 = Release|Any CPU
		{5D30D1E0-05F4-43DB-BBE1-802490D25A04}.Debug|Any CPU.ActiveCfg = Debug|Any CPU
		{5D30D1E0-05F4-43DB-BBE1-802490D25A04}.Debug|Any CPU.Build.0 = Debug|Any CPU
		{5D30D1E0-05F4-43DB-BBE1-802490D25A04}.Debug|x64.ActiveCfg = Debug|Any CPU
		{5D30D1E0-05F4-43DB-BBE1-802490D25A04}.Debug|x86.ActiveCfg = Debug|x86
		{5D30D1E0-05F4-43DB-BBE1-802490D25A04}.Debug|x86.Build.0 = Debug|x86
		{5D30D1E0-05F4-43DB-BBE1-802490D25A04}.Release|Any CPU.ActiveCfg = Release|Any CPU
		{5D30D1E0-05F4-43DB-BBE1-802490D25A04}.Release|Any CPU.Build.0 = Release|Any CPU
		{5D30D1E0-05F4-43DB-BBE1-802490D25A04}.Release|x64.ActiveCfg = Release|Any CPU
		{5D30D1E0-05F4-43DB-BBE1-802490D25A04}.Release|x86.ActiveCfg = Release|x86
		{5D30D1E0-05F4-43DB-BBE1-802490D25A04}.Release|x86.Build.0 = Release|x86
		{C09C4C41-19AA-4305-817A-620F399A218E}.Debug|Any CPU.ActiveCfg = Debug|Any CPU
		{C09C4C41-19AA-4305-817A-620F399A218E}.Debug|Any CPU.Build.0 = Debug|Any CPU
		{C09C4C41-19AA-4305-817A-620F399A218E}.Debug|x64.ActiveCfg = Debug|Any CPU
		{C09C4C41-19AA-4305-817A-620F399A218E}.Debug|x86.ActiveCfg = Debug|Any CPU
		{C09C4C41-19AA-4305-817A-620F399A218E}.Debug|x86.Build.0 = Debug|Any CPU
		{C09C4C41-19AA-4305-817A-620F399A218E}.Release|Any CPU.ActiveCfg = Release|Any CPU
		{C09C4C41-19AA-4305-817A-620F399A218E}.Release|Any CPU.Build.0 = Release|Any CPU
		{C09C4C41-19AA-4305-817A-620F399A218E}.Release|x64.ActiveCfg = Release|Any CPU
		{C09C4C41-19AA-4305-817A-620F399A218E}.Release|x86.ActiveCfg = Release|Any CPU
		{C09C4C41-19AA-4305-817A-620F399A218E}.Release|x86.Build.0 = Release|Any CPU
		{152BDED4-56D8-476C-BD2D-F6FFD6630765}.Debug|Any CPU.ActiveCfg = Debug|Any CPU
		{152BDED4-56D8-476C-BD2D-F6FFD6630765}.Debug|Any CPU.Build.0 = Debug|Any CPU
		{152BDED4-56D8-476C-BD2D-F6FFD6630765}.Debug|x64.ActiveCfg = Debug|Any CPU
		{152BDED4-56D8-476C-BD2D-F6FFD6630765}.Debug|x86.ActiveCfg = Debug|Any CPU
		{152BDED4-56D8-476C-BD2D-F6FFD6630765}.Debug|x86.Build.0 = Debug|Any CPU
		{152BDED4-56D8-476C-BD2D-F6FFD6630765}.Release|Any CPU.ActiveCfg = Release|Any CPU
		{152BDED4-56D8-476C-BD2D-F6FFD6630765}.Release|Any CPU.Build.0 = Release|Any CPU
		{152BDED4-56D8-476C-BD2D-F6FFD6630765}.Release|x64.ActiveCfg = Release|Any CPU
		{152BDED4-56D8-476C-BD2D-F6FFD6630765}.Release|x86.ActiveCfg = Release|Any CPU
		{152BDED4-56D8-476C-BD2D-F6FFD6630765}.Release|x86.Build.0 = Release|Any CPU
		{E91D0537-D3DA-4924-BA14-BA6AA90762BE}.Debug|Any CPU.ActiveCfg = Debug|Any CPU
		{E91D0537-D3DA-4924-BA14-BA6AA90762BE}.Debug|Any CPU.Build.0 = Debug|Any CPU
		{E91D0537-D3DA-4924-BA14-BA6AA90762BE}.Debug|x64.ActiveCfg = Debug|Any CPU
		{E91D0537-D3DA-4924-BA14-BA6AA90762BE}.Debug|x86.ActiveCfg = Debug|Any CPU
		{E91D0537-D3DA-4924-BA14-BA6AA90762BE}.Debug|x86.Build.0 = Debug|Any CPU
		{E91D0537-D3DA-4924-BA14-BA6AA90762BE}.Release|Any CPU.ActiveCfg = Release|Any CPU
		{E91D0537-D3DA-4924-BA14-BA6AA90762BE}.Release|Any CPU.Build.0 = Release|Any CPU
		{E91D0537-D3DA-4924-BA14-BA6AA90762BE}.Release|x64.ActiveCfg = Release|Any CPU
		{E91D0537-D3DA-4924-BA14-BA6AA90762BE}.Release|x86.ActiveCfg = Release|Any CPU
		{E91D0537-D3DA-4924-BA14-BA6AA90762BE}.Release|x86.Build.0 = Release|Any CPU
		{2812FDAC-B722-4DB3-AFC9-1AF40021F8BC}.Debug|Any CPU.ActiveCfg = Debug|Any CPU
		{2812FDAC-B722-4DB3-AFC9-1AF40021F8BC}.Debug|Any CPU.Build.0 = Debug|Any CPU
		{2812FDAC-B722-4DB3-AFC9-1AF40021F8BC}.Debug|x64.ActiveCfg = Debug|Any CPU
		{2812FDAC-B722-4DB3-AFC9-1AF40021F8BC}.Debug|x64.Build.0 = Debug|Any CPU
		{2812FDAC-B722-4DB3-AFC9-1AF40021F8BC}.Debug|x86.ActiveCfg = Debug|Any CPU
		{2812FDAC-B722-4DB3-AFC9-1AF40021F8BC}.Debug|x86.Build.0 = Debug|Any CPU
		{2812FDAC-B722-4DB3-AFC9-1AF40021F8BC}.Release|Any CPU.ActiveCfg = Release|Any CPU
		{2812FDAC-B722-4DB3-AFC9-1AF40021F8BC}.Release|Any CPU.Build.0 = Release|Any CPU
		{2812FDAC-B722-4DB3-AFC9-1AF40021F8BC}.Release|x64.ActiveCfg = Release|Any CPU
		{2812FDAC-B722-4DB3-AFC9-1AF40021F8BC}.Release|x64.Build.0 = Release|Any CPU
		{2812FDAC-B722-4DB3-AFC9-1AF40021F8BC}.Release|x86.ActiveCfg = Release|Any CPU
		{2812FDAC-B722-4DB3-AFC9-1AF40021F8BC}.Release|x86.Build.0 = Release|Any CPU
		{A8234766-5836-494E-AD6D-FAEBF008D840}.Debug|Any CPU.ActiveCfg = Debug|Any CPU
		{A8234766-5836-494E-AD6D-FAEBF008D840}.Debug|Any CPU.Build.0 = Debug|Any CPU
		{A8234766-5836-494E-AD6D-FAEBF008D840}.Debug|x64.ActiveCfg = Debug|Any CPU
		{A8234766-5836-494E-AD6D-FAEBF008D840}.Debug|x86.ActiveCfg = Debug|Any CPU
		{A8234766-5836-494E-AD6D-FAEBF008D840}.Debug|x86.Build.0 = Debug|Any CPU
		{A8234766-5836-494E-AD6D-FAEBF008D840}.Release|Any CPU.ActiveCfg = Release|Any CPU
		{A8234766-5836-494E-AD6D-FAEBF008D840}.Release|Any CPU.Build.0 = Release|Any CPU
		{A8234766-5836-494E-AD6D-FAEBF008D840}.Release|x64.ActiveCfg = Release|Any CPU
		{A8234766-5836-494E-AD6D-FAEBF008D840}.Release|x86.ActiveCfg = Release|Any CPU
		{A8234766-5836-494E-AD6D-FAEBF008D840}.Release|x86.Build.0 = Release|Any CPU
		{9CA10F1F-1EB4-4DDF-BEFD-75E132969E73}.Debug|Any CPU.ActiveCfg = Debug|Any CPU
		{9CA10F1F-1EB4-4DDF-BEFD-75E132969E73}.Debug|Any CPU.Build.0 = Debug|Any CPU
		{9CA10F1F-1EB4-4DDF-BEFD-75E132969E73}.Debug|x64.ActiveCfg = Debug|Any CPU
		{9CA10F1F-1EB4-4DDF-BEFD-75E132969E73}.Debug|x86.ActiveCfg = Debug|x86
		{9CA10F1F-1EB4-4DDF-BEFD-75E132969E73}.Debug|x86.Build.0 = Debug|x86
		{9CA10F1F-1EB4-4DDF-BEFD-75E132969E73}.Release|Any CPU.ActiveCfg = Release|Any CPU
		{9CA10F1F-1EB4-4DDF-BEFD-75E132969E73}.Release|Any CPU.Build.0 = Release|Any CPU
		{9CA10F1F-1EB4-4DDF-BEFD-75E132969E73}.Release|x64.ActiveCfg = Release|Any CPU
		{9CA10F1F-1EB4-4DDF-BEFD-75E132969E73}.Release|x86.ActiveCfg = Release|x86
		{9CA10F1F-1EB4-4DDF-BEFD-75E132969E73}.Release|x86.Build.0 = Release|x86
		{FE5ED623-4C2F-4B36-B894-B43FD01CA5B8}.Debug|Any CPU.ActiveCfg = Debug|Any CPU
		{FE5ED623-4C2F-4B36-B894-B43FD01CA5B8}.Debug|Any CPU.Build.0 = Debug|Any CPU
		{FE5ED623-4C2F-4B36-B894-B43FD01CA5B8}.Debug|x64.ActiveCfg = Debug|Any CPU
		{FE5ED623-4C2F-4B36-B894-B43FD01CA5B8}.Debug|x86.ActiveCfg = Debug|Any CPU
		{FE5ED623-4C2F-4B36-B894-B43FD01CA5B8}.Debug|x86.Build.0 = Debug|Any CPU
		{FE5ED623-4C2F-4B36-B894-B43FD01CA5B8}.Release|Any CPU.ActiveCfg = Release|Any CPU
		{FE5ED623-4C2F-4B36-B894-B43FD01CA5B8}.Release|Any CPU.Build.0 = Release|Any CPU
		{FE5ED623-4C2F-4B36-B894-B43FD01CA5B8}.Release|x64.ActiveCfg = Release|Any CPU
		{FE5ED623-4C2F-4B36-B894-B43FD01CA5B8}.Release|x86.ActiveCfg = Release|Any CPU
		{FE5ED623-4C2F-4B36-B894-B43FD01CA5B8}.Release|x86.Build.0 = Release|Any CPU
		{5380D118-8D6F-4BB3-9C08-8025F2057DA1}.Debug|Any CPU.ActiveCfg = Debug|Any CPU
		{5380D118-8D6F-4BB3-9C08-8025F2057DA1}.Debug|Any CPU.Build.0 = Debug|Any CPU
		{5380D118-8D6F-4BB3-9C08-8025F2057DA1}.Debug|x64.ActiveCfg = Debug|Any CPU
		{5380D118-8D6F-4BB3-9C08-8025F2057DA1}.Debug|x64.Build.0 = Debug|Any CPU
		{5380D118-8D6F-4BB3-9C08-8025F2057DA1}.Debug|x86.ActiveCfg = Debug|Any CPU
		{5380D118-8D6F-4BB3-9C08-8025F2057DA1}.Debug|x86.Build.0 = Debug|Any CPU
		{5380D118-8D6F-4BB3-9C08-8025F2057DA1}.Release|Any CPU.ActiveCfg = Release|Any CPU
		{5380D118-8D6F-4BB3-9C08-8025F2057DA1}.Release|Any CPU.Build.0 = Release|Any CPU
		{5380D118-8D6F-4BB3-9C08-8025F2057DA1}.Release|x64.ActiveCfg = Release|Any CPU
		{5380D118-8D6F-4BB3-9C08-8025F2057DA1}.Release|x64.Build.0 = Release|Any CPU
		{5380D118-8D6F-4BB3-9C08-8025F2057DA1}.Release|x86.ActiveCfg = Release|Any CPU
		{5380D118-8D6F-4BB3-9C08-8025F2057DA1}.Release|x86.Build.0 = Release|Any CPU
	EndGlobalSection
	GlobalSection(SolutionProperties) = preSolution
		HideSolutionNode = FALSE
	EndGlobalSection
	GlobalSection(NestedProjects) = preSolution
		{1A162DC2-E8EC-434C-BD9F-F30D9E8F3E9E} = {044D418F-FD38-4C37-A52D-B3D5EF5D4BED}
		{9C6E0F5B-61B4-42CE-ABB1-23C28118CAB7} = {044D418F-FD38-4C37-A52D-B3D5EF5D4BED}
		{F8903DDD-C147-4C12-8B71-4CCC7280036F} = {BF45CFCF-FAAD-45C5-8126-DD568157EDCD}
		{9E1D13B9-3D7E-40E7-A432-577BB15CA742} = {BF45CFCF-FAAD-45C5-8126-DD568157EDCD}
		{8A71FF94-F425-4FB8-B684-86FCB14BFFAC} = {044D418F-FD38-4C37-A52D-B3D5EF5D4BED}
		{3109EC52-1A10-4091-9EB6-54C332765E55} = {BF45CFCF-FAAD-45C5-8126-DD568157EDCD}
		{5D30D1E0-05F4-43DB-BBE1-802490D25A04} = {BF45CFCF-FAAD-45C5-8126-DD568157EDCD}
		{C09C4C41-19AA-4305-817A-620F399A218E} = {BF45CFCF-FAAD-45C5-8126-DD568157EDCD}
		{152BDED4-56D8-476C-BD2D-F6FFD6630765} = {BF45CFCF-FAAD-45C5-8126-DD568157EDCD}
		{E91D0537-D3DA-4924-BA14-BA6AA90762BE} = {BF45CFCF-FAAD-45C5-8126-DD568157EDCD}
		{A8234766-5836-494E-AD6D-FAEBF008D840} = {BF45CFCF-FAAD-45C5-8126-DD568157EDCD}
		{FE5ED623-4C2F-4B36-B894-B43FD01CA5B8} = {BF45CFCF-FAAD-45C5-8126-DD568157EDCD}
		{5380D118-8D6F-4BB3-9C08-8025F2057DA1} = {BF45CFCF-FAAD-45C5-8126-DD568157EDCD}
	EndGlobalSection
	GlobalSection(ExtensibilityGlobals) = postSolution
		SolutionGuid = {7D399F5C-2ADE-4C81-9942-BE1CD987617C}
	EndGlobalSection
EndGlobal
